
Microsoft Visual Studio Solution File, Format Version 12.00
# Visual Studio 15
Project("{FAE04EC0-301F-11D3-BF4B-00C04F79EFBC}") = "01_Task", "01_Task\01_Task.csproj", "{8EE8AFDB-6CCB-4B78-9CC5-D977F32D2297}"
EndProject
Project("{FAE04EC0-301F-11D3-BF4B-00C04F79EFBC}") = "02_Task", "02_Task\02_Task.csproj", "{B19C83A7-C6E9-4C1F-B00A-B1A0D466B0DA}"
EndProject
Project("{FAE04EC0-301F-11D3-BF4B-00C04F79EFBC}") = "03_Task", "03_Task\03_Task.csproj", "{531A493E-EBB6-46FF-BBB4-9885F901DF31}"
EndProject
Project("{FAE04EC0-301F-11D3-BF4B-00C04F79EFBC}") = "04_Task", "04_Task\04_Task.csproj", "{F7E7D840-9FFE-4F4D-AD29-BE3FE34B0E6E}"
EndProject
Project("{FAE04EC0-301F-11D3-BF4B-00C04F79EFBC}") = "05_Task", "05_Task\05_Task.csproj", "{83ECD1AD-FD83-4992-8941-C6486EA4A5DD}"
EndProject
Project("{FAE04EC0-301F-11D3-BF4B-00C04F79EFBC}") = "06_Task", "06_Task\06_Task.csproj", "{0F128790-C071-4704-8559-71D1224893E3}"
EndProject
Project("{FAE04EC0-301F-11D3-BF4B-00C04F79EFBC}") = "07_Task", "07_Task\07_Task.csproj", "{F380E6CC-AB38-4B5A-B88B-893F1707C234}"
EndProject
Project("{FAE04EC0-301F-11D3-BF4B-00C04F79EFBC}") = "08_Task", "08_Task\08_Task.csproj", "{A29C5133-24A3-4F07-857D-429BF6A5BFFA}"
EndProject
Project("{FAE04EC0-301F-11D3-BF4B-00C04F79EFBC}") = "09_Task", "09_Task\09_Task.csproj", "{84C4B717-E438-445C-B22B-8D6F599D287B}"
EndProject
Project("{FAE04EC0-301F-11D3-BF4B-00C04F79EFBC}") = "10_Task", "10_Task\10_Task.csproj", "{5748A35B-7FC4-4A5A-86FA-00F078CD87C6}"
EndProject
Project("{FAE04EC0-301F-11D3-BF4B-00C04F79EFBC}") = "11_Task", "11_Task\11_Task.csproj", "{F59AD075-EBE7-437E-914E-565F90BA65A7}"
EndProject
Global
	GlobalSection(SolutionConfigurationPlatforms) = preSolution
		Debug|Any CPU = Debug|Any CPU
		Release|Any CPU = Release|Any CPU
	EndGlobalSection
	GlobalSection(ProjectConfigurationPlatforms) = postSolution
		{8EE8AFDB-6CCB-4B78-9CC5-D977F32D2297}.Debug|Any CPU.ActiveCfg = Debug|Any CPU
		{8EE8AFDB-6CCB-4B78-9CC5-D977F32D2297}.Debug|Any CPU.Build.0 = Debug|Any CPU
		{8EE8AFDB-6CCB-4B78-9CC5-D977F32D2297}.Release|Any CPU.ActiveCfg = Release|Any CPU
		{8EE8AFDB-6CCB-4B78-9CC5-D977F32D2297}.Release|Any CPU.Build.0 = Release|Any CPU
		{B19C83A7-C6E9-4C1F-B00A-B1A0D466B0DA}.Debug|Any CPU.ActiveCfg = Debug|Any CPU
		{B19C83A7-C6E9-4C1F-B00A-B1A0D466B0DA}.Debug|Any CPU.Build.0 = Debug|Any CPU
		{B19C83A7-C6E9-4C1F-B00A-B1A0D466B0DA}.Release|Any CPU.ActiveCfg = Release|Any CPU
		{B19C83A7-C6E9-4C1F-B00A-B1A0D466B0DA}.Release|Any CPU.Build.0 = Release|Any CPU
		{531A493E-EBB6-46FF-BBB4-9885F901DF31}.Debug|Any CPU.ActiveCfg = Debug|Any CPU
		{531A493E-EBB6-46FF-BBB4-9885F901DF31}.Debug|Any CPU.Build.0 = Debug|Any CPU
		{531A493E-EBB6-46FF-BBB4-9885F901DF31}.Release|Any CPU.ActiveCfg = Release|Any CPU
		{531A493E-EBB6-46FF-BBB4-9885F901DF31}.Release|Any CPU.Build.0 = Release|Any CPU
		{F7E7D840-9FFE-4F4D-AD29-BE3FE34B0E6E}.Debug|Any CPU.ActiveCfg = Debug|Any CPU
		{F7E7D840-9FFE-4F4D-AD29-BE3FE34B0E6E}.Debug|Any CPU.Build.0 = Debug|Any CPU
		{F7E7D840-9FFE-4F4D-AD29-BE3FE34B0E6E}.Release|Any CPU.ActiveCfg = Release|Any CPU
		{F7E7D840-9FFE-4F4D-AD29-BE3FE34B0E6E}.Release|Any CPU.Build.0 = Release|Any CPU
		{83ECD1AD-FD83-4992-8941-C6486EA4A5DD}.Debug|Any CPU.ActiveCfg = Debug|Any CPU
		{83ECD1AD-FD83-4992-8941-C6486EA4A5DD}.Debug|Any CPU.Build.0 = Debug|Any CPU
		{83ECD1AD-FD83-4992-8941-C6486EA4A5DD}.Release|Any CPU.ActiveCfg = Release|Any CPU
		{83ECD1AD-FD83-4992-8941-C6486EA4A5DD}.Release|Any CPU.Build.0 = Release|Any CPU
		{0F128790-C071-4704-8559-71D1224893E3}.Debug|Any CPU.ActiveCfg = Debug|Any CPU
		{0F128790-C071-4704-8559-71D1224893E3}.Debug|Any CPU.Build.0 = Debug|Any CPU
		{0F128790-C071-4704-8559-71D1224893E3}.Release|Any CPU.ActiveCfg = Release|Any CPU
		{0F128790-C071-4704-8559-71D1224893E3}.Release|Any CPU.Build.0 = Release|Any CPU
		{F380E6CC-AB38-4B5A-B88B-893F1707C234}.Debug|Any CPU.ActiveCfg = Debug|Any CPU
		{F380E6CC-AB38-4B5A-B88B-893F1707C234}.Debug|Any CPU.Build.0 = Debug|Any CPU
		{F380E6CC-AB38-4B5A-B88B-893F1707C234}.Release|Any CPU.ActiveCfg = Release|Any CPU
		{F380E6CC-AB38-4B5A-B88B-893F1707C234}.Release|Any CPU.Build.0 = Release|Any CPU
		{A29C5133-24A3-4F07-857D-429BF6A5BFFA}.Debug|Any CPU.ActiveCfg = Debug|Any CPU
		{A29C5133-24A3-4F07-857D-429BF6A5BFFA}.Debug|Any CPU.Build.0 = Debug|Any CPU
		{A29C5133-24A3-4F07-857D-429BF6A5BFFA}.Release|Any CPU.ActiveCfg = Release|Any CPU
		{A29C5133-24A3-4F07-857D-429BF6A5BFFA}.Release|Any CPU.Build.0 = Release|Any CPU
		{84C4B717-E438-445C-B22B-8D6F599D287B}.Debug|Any CPU.ActiveCfg = Debug|Any CPU
		{84C4B717-E438-445C-B22B-8D6F599D287B}.Debug|Any CPU.Build.0 = Debug|Any CPU
		{84C4B717-E438-445C-B22B-8D6F599D287B}.Release|Any CPU.ActiveCfg = Release|Any CPU
		{84C4B717-E438-445C-B22B-8D6F599D287B}.Release|Any CPU.Build.0 = Release|Any CPU
		{5748A35B-7FC4-4A5A-86FA-00F078CD87C6}.Debug|Any CPU.ActiveCfg = Debug|Any CPU
		{5748A35B-7FC4-4A5A-86FA-00F078CD87C6}.Debug|Any CPU.Build.0 = Debug|Any CPU
		{5748A35B-7FC4-4A5A-86FA-00F078CD87C6}.Release|Any CPU.ActiveCfg = Release|Any CPU
		{5748A35B-7FC4-4A5A-86FA-00F078CD87C6}.Release|Any CPU.Build.0 = Release|Any CPU
		{F59AD075-EBE7-437E-914E-565F90BA65A7}.Debug|Any CPU.ActiveCfg = Debug|Any CPU
		{F59AD075-EBE7-437E-914E-565F90BA65A7}.Debug|Any CPU.Build.0 = Debug|Any CPU
		{F59AD075-EBE7-437E-914E-565F90BA65A7}.Release|Any CPU.ActiveCfg = Release|Any CPU
		{F59AD075-EBE7-437E-914E-565F90BA65A7}.Release|Any CPU.Build.0 = Release|Any CPU
	EndGlobalSection
EndGlobal
